
Microsoft Visual Studio Solution File, Format Version 12.00
# Visual Studio Version 17
VisualStudioVersion = 17.11.35222.181
MinimumVisualStudioVersion = 10.0.40219.1
Project("{FAE04EC0-301F-11D3-BF4B-00C04F79EFBC}") = "MigrationAnalyzer", "MigrationAnalyzer\MigrationAnalyzer.csproj", "{216350F3-61BE-4F88-9188-05A7D7AC2120}"
EndProject
Project("{2150E333-8FDC-42A3-9474-1A3956D46DE8}") = "src", "src", "{BA6FBBAC-2964-4A4D-B175-9430549E982E}"
EndProject
Project("{2150E333-8FDC-42A3-9474-1A3956D46DE8}") = "tests", "tests", "{F6D60E44-DCC7-4824-8004-07008FADC897}"
EndProject
Project("{FAE04EC0-301F-11D3-BF4B-00C04F79EFBC}") = "MigrationAnalyzer.Tests", "MigrationAnalyzer.Tests\MigrationAnalyzer.Tests.csproj", "{2696FA4B-F15B-4D93-9FFC-64E14DD09ED0}"
EndProject
Global
	GlobalSection(SolutionConfigurationPlatforms) = preSolution
		Debug|Any CPU = Debug|Any CPU
		Release|Any CPU = Release|Any CPU
	EndGlobalSection
	GlobalSection(ProjectConfigurationPlatforms) = postSolution
		{216350F3-61BE-4F88-9188-05A7D7AC2120}.Debug|Any CPU.ActiveCfg = Debug|Any CPU
		{216350F3-61BE-4F88-9188-05A7D7AC2120}.Debug|Any CPU.Build.0 = Debug|Any CPU
		{216350F3-61BE-4F88-9188-05A7D7AC2120}.Release|Any CPU.ActiveCfg = Release|Any CPU
		{216350F3-61BE-4F88-9188-05A7D7AC2120}.Release|Any CPU.Build.0 = Release|Any CPU
		{2696FA4B-F15B-4D93-9FFC-64E14DD09ED0}.Debug|Any CPU.ActiveCfg = Debug|Any CPU
		{2696FA4B-F15B-4D93-9FFC-64E14DD09ED0}.Debug|Any CPU.Build.0 = Debug|Any CPU
		{2696FA4B-F15B-4D93-9FFC-64E14DD09ED0}.Release|Any CPU.ActiveCfg = Release|Any CPU
		{2696FA4B-F15B-4D93-9FFC-64E14DD09ED0}.Release|Any CPU.Build.0 = Release|Any CPU
	EndGlobalSection
	GlobalSection(SolutionProperties) = preSolution
		HideSolutionNode = FALSE
	EndGlobalSection
	GlobalSection(NestedProjects) = preSolution
		{216350F3-61BE-4F88-9188-05A7D7AC2120} = {BA6FBBAC-2964-4A4D-B175-9430549E982E}
		{2696FA4B-F15B-4D93-9FFC-64E14DD09ED0} = {F6D60E44-DCC7-4824-8004-07008FADC897}
	EndGlobalSection
	GlobalSection(ExtensibilityGlobals) = postSolution
		SolutionGuid = {F70B0D6D-6357-44AA-B33C-0E057EDA6830}
	EndGlobalSection
EndGlobal
